<?xml version="1.0" encoding="utf-8"?>
<Project ToolsVersion="4.0" xmlns="http://schemas.microsoft.com/developer/msbuild/2003">
  <ItemGroup>
    <ClCompile Include="..\src\boxologic\Boxologic.cpp">
      <Filter>Source Files</Filter>
    </ClCompile>
    <ClCompile Include="..\src\bws\packer\Client.cpp">
      <Filter>Source Files</Filter>
    </ClCompile>
    <ClCompile Include="..\src\bws\packer\GAWrapperArray.cpp">
      <Filter>Source Files</Filter>
    </ClCompile>
    <ClCompile Include="..\src\bws\packer\Instance.cpp">
      <Filter>Source Files</Filter>
    </ClCompile>
    <ClCompile Include="..\src\bws\packer\InstanceArray.cpp">
      <Filter>Source Files</Filter>
    </ClCompile>
    <ClCompile Include="..\src\bws\packer\InstanceForm.cpp">
      <Filter>Source Files</Filter>
    </ClCompile>
    <ClCompile Include="..\src\bws\packer\InstanceFormArray.cpp">
      <Filter>Source Files</Filter>
    </ClCompile>
    <ClCompile Include="..\src\bws\packer\main.cpp">
      <Filter>Source Files</Filter>
    </ClCompile>
    <ClCompile Include="..\src\bws\packer\Packer.cpp">
      <Filter>Source Files</Filter>
    </ClCompile>
    <ClCompile Include="..\src\bws\packer\PackerForm.cpp">
      <Filter>Source Files</Filter>
    </ClCompile>
    <ClCompile Include="..\src\boxologic\Pallet.cpp">
      <Filter>Source Files</Filter>
    </ClCompile>
    <ClCompile Include="..\src\bws\packer\PCKGeneticAlgorithm.cpp">
      <Filter>Source Files</Filter>
    </ClCompile>
    <ClCompile Include="..\src\bws\packer\Product.cpp">
      <Filter>Source Files</Filter>
    </ClCompile>
    <ClCompile Include="..\src\bws\packer\Server.cpp">
      <Filter>Source Files</Filter>
    </ClCompile>
    <ClCompile Include="..\src\bws\packer\Wrap.cpp">
      <Filter>Source Files</Filter>
    </ClCompile>
    <ClCompile Include="..\src\bws\packer\Wrapper.cpp">
      <Filter>Source Files</Filter>
    </ClCompile>
    <ClCompile Include="..\src\bws\packer\WrapperArray.cpp">
      <Filter>Source Files</Filter>
    </ClCompile>
    <ClCompile Include="..\src\bws\packer\WrapperGroup.cpp">
      <Filter>Source Files</Filter>
    </ClCompile>
  </ItemGroup>
  <ItemGroup>
    <ClInclude Include="..\src\bws\packer\API.hpp">
      <Filter>Header Files</Filter>
    </ClInclude>
    <ClInclude Include="..\src\boxologic\Box.hpp">
      <Filter>Header Files\boxologic</Filter>
    </ClInclude>
    <ClInclude Include="..\src\boxologic\Boxologic.hpp">
      <Filter>Header Files\boxologic</Filter>
    </ClInclude>
    <ClInclude Include="..\src\boxologic\Instance.hpp">
      <Filter>Header Files\boxologic</Filter>
    </ClInclude>
    <ClInclude Include="..\src\bws\packer\Server.hpp">
      <Filter>Header Files\server</Filter>
    </ClInclude>
    <ClInclude Include="..\src\bws\packer\Client.hpp">
      <Filter>Header Files\server</Filter>
    </ClInclude>
    <ClInclude Include="..\src\boxologic\Pallet.hpp">
      <Filter>Header Files\boxologic</Filter>
    </ClInclude>
    <ClInclude Include="..\src\bws\packer\Product.hpp">
      <Filter>Header Files\entities</Filter>
    </ClInclude>
    <ClInclude Include="..\src\bws\packer\Wrap.hpp">
      <Filter>Header Files\entities</Filter>
    </ClInclude>
    <ClInclude Include="..\src\bws\packer\Wrapper.hpp">
      <Filter>Header Files\entities</Filter>
    </ClInclude>
    <ClInclude Include="..\src\bws\packer\WrapperArray.hpp">
      <Filter>Header Files\entities</Filter>
    </ClInclude>
    <ClInclude Include="..\src\bws\packer\WrapperGroup.hpp">
      <Filter>Header Files\entities</Filter>
    </ClInclude>
    <ClInclude Include="..\src\bws\packer\Instance.hpp">
      <Filter>Header Files\entities</Filter>
    </ClInclude>
    <ClInclude Include="..\src\bws\packer\InstanceArray.hpp">
      <Filter>Header Files\entities</Filter>
    </ClInclude>
    <ClInclude Include="..\src\bws\packer\InstanceForm.hpp">
      <Filter>Header Files\entities</Filter>
    </ClInclude>
    <ClInclude Include="..\src\bws\packer\InstanceFormArray.hpp">
      <Filter>Header Files\entities</Filter>
    </ClInclude>
    <ClInclude Include="..\src\bws\packer\GAWrapperArray.hpp">
      <Filter>Header Files\control</Filter>
    </ClInclude>
    <ClInclude Include="..\src\bws\packer\Packer.hpp">
      <Filter>Header Files\control</Filter>
    </ClInclude>
    <ClInclude Include="..\src\bws\packer\PackerForm.hpp">
      <Filter>Header Files\control</Filter>
    </ClInclude>
    <ClInclude Include="..\src\bws\packer\PCKGeneticAlgorithm.hpp">
      <Filter>Header Files\control</Filter>
    </ClInclude>
    <ClInclude Include="..\src\bws\packer\WrapperVolume.hpp">
      <Filter>Header Files\control</Filter>
    </ClInclude>
  </ItemGroup>
  <ItemGroup>
    <Filter Include="Header Files">
      <UniqueIdentifier>{e53fa7fd-e916-462f-9b7f-93d7b4dc02fd}</UniqueIdentifier>
    </Filter>
    <Filter Include="Source Files">
      <UniqueIdentifier>{24bebe00-7c35-4649-9b74-278435567d06}</UniqueIdentifier>
    </Filter>
    <Filter Include="Header Files\server">
      <UniqueIdentifier>{6232c255-1e23-435f-9107-b28c92a80b2e}</UniqueIdentifier>
    </Filter>
    <Filter Include="Header Files\boxologic">
      <UniqueIdentifier>{fab76859-0686-4c0a-8e4c-667b57b6db71}</UniqueIdentifier>
    </Filter>
    <Filter Include="Header Files\entities">
      <UniqueIdentifier>{e4ab3d13-7008-45e7-8fe9-6b4224124f5d}</UniqueIdentifier>
    </Filter>
    <Filter Include="Header Files\control">
      <UniqueIdentifier>{05b3e475-81a9-4130-b02a-3e2fcee4d6c6}</UniqueIdentifier>
    </Filter>
  </ItemGroup>
</Project>