<?xml version="1.0" encoding="utf-8"?>
<Project ToolsVersion="4.0" xmlns="http://schemas.microsoft.com/developer/msbuild/2003">
  <ItemGroup>
    <Filter Include="Source Files">
      <UniqueIdentifier>{4FC737F1-C7A5-4376-A066-2A32D752A2FF}</UniqueIdentifier>
      <Extensions>cpp;c;cc;cxx;def;odl;idl;hpj;bat;asm;asmx</Extensions>
    </Filter>
    <Filter Include="Header Files">
      <UniqueIdentifier>{93995380-89BD-4b04-88EB-625FBE52EBFB}</UniqueIdentifier>
      <Extensions>h;hh;hpp;hxx;hm;inl;inc;xsd</Extensions>
    </Filter>
    <Filter Include="Resource Files">
      <UniqueIdentifier>{67DA6AB6-F800-4c08-8B7A-83BB121AAD01}</UniqueIdentifier>
      <Extensions>rc;ico;cur;bmp;dlg;rc2;rct;bin;rgs;gif;jpg;jpeg;jpe;resx;tiff;tif;png;wav;mfcribbon-ms</Extensions>
    </Filter>
    <Filter Include="Header Files\boxologic">
      <UniqueIdentifier>{17984d91-4aac-459d-9445-97f5efcce5d1}</UniqueIdentifier>
    </Filter>
    <Filter Include="Header Files\packer">
      <UniqueIdentifier>{38b279dc-5cf7-40b8-a765-c962b776004e}</UniqueIdentifier>
    </Filter>
  </ItemGroup>
  <ItemGroup>
    <ClInclude Include="..\src\bws\packer\API.hpp">
      <Filter>Header Files\packer</Filter>
    </ClInclude>
    <ClInclude Include="..\src\bws\packer\Client.hpp">
      <Filter>Header Files\packer</Filter>
    </ClInclude>
    <ClInclude Include="..\src\bws\packer\GAWrapperArray.hpp">
      <Filter>Header Files\packer</Filter>
    </ClInclude>
    <ClInclude Include="..\src\bws\packer\InstanceArray.hpp">
      <Filter>Header Files\packer</Filter>
    </ClInclude>
    <ClInclude Include="..\src\bws\packer\InstanceForm.hpp">
      <Filter>Header Files\packer</Filter>
    </ClInclude>
    <ClInclude Include="..\src\bws\packer\InstanceFormArray.hpp">
      <Filter>Header Files\packer</Filter>
    </ClInclude>
    <ClInclude Include="..\src\bws\packer\Packer.hpp">
      <Filter>Header Files\packer</Filter>
    </ClInclude>
    <ClInclude Include="..\src\bws\packer\PackerForm.hpp">
      <Filter>Header Files\packer</Filter>
    </ClInclude>
    <ClInclude Include="..\src\bws\packer\Product.hpp">
      <Filter>Header Files\packer</Filter>
    </ClInclude>
    <ClInclude Include="..\src\bws\packer\Server.hpp">
      <Filter>Header Files\packer</Filter>
    </ClInclude>
    <ClInclude Include="..\src\bws\packer\Wrap.hpp">
      <Filter>Header Files\packer</Filter>
    </ClInclude>
    <ClInclude Include="..\src\bws\packer\Wrapper.hpp">
      <Filter>Header Files\packer</Filter>
    </ClInclude>
    <ClInclude Include="..\src\bws\packer\WrapperArray.hpp">
      <Filter>Header Files\packer</Filter>
    </ClInclude>
    <ClInclude Include="..\src\bws\packer\WrapperGroup.hpp">
      <Filter>Header Files\packer</Filter>
    </ClInclude>
    <ClInclude Include="..\src\bws\packer\WrapperVolume.hpp">
      <Filter>Header Files\packer</Filter>
    </ClInclude>
    <ClInclude Include="..\src\boxologic\Box.hpp">
      <Filter>Header Files\boxologic</Filter>
    </ClInclude>
    <ClInclude Include="..\src\boxologic\Boxologic.hpp">
      <Filter>Header Files\boxologic</Filter>
    </ClInclude>
    <ClInclude Include="..\src\boxologic\Instance.hpp">
      <Filter>Header Files\boxologic</Filter>
    </ClInclude>
    <ClInclude Include="..\src\boxologic\Pallet.hpp">
      <Filter>Header Files\boxologic</Filter>
    </ClInclude>
    <ClInclude Include="..\src\bws\packer\Instance.hpp">
      <Filter>Header Files\packer</Filter>
    </ClInclude>
    <ClInclude Include="..\src\bws\packer\PCKGeneticAlgorithm.hpp">
      <Filter>Header Files\packer</Filter>
    </ClInclude>
  </ItemGroup>
  <ItemGroup>
    <ClCompile Include="..\src\boxologic\Boxologic.cpp">
      <Filter>Source Files</Filter>
    </ClCompile>
    <ClCompile Include="..\src\boxologic\Pallet.cpp">
      <Filter>Source Files</Filter>
    </ClCompile>
    <ClCompile Include="..\src\bws\packer\Product.cpp">
      <Filter>Source Files</Filter>
    </ClCompile>
    <ClCompile Include="..\src\bws\packer\Server.cpp">
      <Filter>Source Files</Filter>
    </ClCompile>
    <ClCompile Include="..\src\bws\packer\Wrap.cpp">
      <Filter>Source Files</Filter>
    </ClCompile>
    <ClCompile Include="..\src\bws\packer\Wrapper.cpp">
      <Filter>Source Files</Filter>
    </ClCompile>
    <ClCompile Include="..\src\bws\packer\WrapperArray.cpp">
      <Filter>Source Files</Filter>
    </ClCompile>
    <ClCompile Include="..\src\bws\packer\WrapperGroup.cpp">
      <Filter>Source Files</Filter>
    </ClCompile>
    <ClCompile Include="..\src\bws\packer\Client.cpp">
      <Filter>Source Files</Filter>
    </ClCompile>
    <ClCompile Include="..\src\bws\packer\GAWrapperArray.cpp">
      <Filter>Source Files</Filter>
    </ClCompile>
    <ClCompile Include="..\src\bws\packer\Instance.cpp">
      <Filter>Source Files</Filter>
    </ClCompile>
    <ClCompile Include="..\src\bws\packer\InstanceArray.cpp">
      <Filter>Source Files</Filter>
    </ClCompile>
    <ClCompile Include="..\src\bws\packer\InstanceForm.cpp">
      <Filter>Source Files</Filter>
    </ClCompile>
    <ClCompile Include="..\src\bws\packer\InstanceFormArray.cpp">
      <Filter>Source Files</Filter>
    </ClCompile>
    <ClCompile Include="..\src\bws\packer\main.cpp">
      <Filter>Source Files</Filter>
    </ClCompile>
    <ClCompile Include="..\src\bws\packer\Packer.cpp">
      <Filter>Source Files</Filter>
    </ClCompile>
    <ClCompile Include="..\src\bws\packer\PackerForm.cpp">
      <Filter>Source Files</Filter>
    </ClCompile>
    <ClCompile Include="..\src\bws\packer\PCKGeneticAlgorithm.cpp">
      <Filter>Source Files</Filter>
    </ClCompile>
  </ItemGroup>
</Project>